
Microsoft Visual Studio Solution File, Format Version 12.00
# Visual Studio Version 17
VisualStudioVersion = 17.2.32630.192
MinimumVisualStudioVersion = 10.0.40219.1
Project("{FAE04EC0-301F-11D3-BF4B-00C04F79EFBC}") = "Game.Gomoku", "Game.Gomoku\Game.Gomoku.csproj", "{B272F217-37F6-47BE-A463-7BB619E43711}"
EndProject
Project("{FAE04EC0-301F-11D3-BF4B-00C04F79EFBC}") = "Game.Gomoku.UnitTest", "Game.Gomoku.UnitTest\Game.Gomoku.UnitTest.csproj", "{5C639C25-7BEA-4595-AF9A-30CBBBCF76B5}"
EndProject
Global
	GlobalSection(SolutionConfigurationPlatforms) = preSolution
		Debug|Any CPU = Debug|Any CPU
		Release|Any CPU = Release|Any CPU
	EndGlobalSection
	GlobalSection(ProjectConfigurationPlatforms) = postSolution
		{B272F217-37F6-47BE-A463-7BB619E43711}.Debug|Any CPU.ActiveCfg = Debug|Any CPU
		{B272F217-37F6-47BE-A463-7BB619E43711}.Debug|Any CPU.Build.0 = Debug|Any CPU
		{B272F217-37F6-47BE-A463-7BB619E43711}.Release|Any CPU.ActiveCfg = Release|Any CPU
		{B272F217-37F6-47BE-A463-7BB619E43711}.Release|Any CPU.Build.0 = Release|Any CPU
		{5C639C25-7BEA-4595-AF9A-30CBBBCF76B5}.Debug|Any CPU.ActiveCfg = Debug|Any CPU
		{5C639C25-7BEA-4595-AF9A-30CBBBCF76B5}.Debug|Any CPU.Build.0 = Debug|Any CPU
		{5C639C25-7BEA-4595-AF9A-30CBBBCF76B5}.Release|Any CPU.ActiveCfg = Release|Any CPU
		{5C639C25-7BEA-4595-AF9A-30CBBBCF76B5}.Release|Any CPU.Build.0 = Release|Any CPU
	EndGlobalSection
	GlobalSection(SolutionProperties) = preSolution
		HideSolutionNode = FALSE
	EndGlobalSection
	GlobalSection(ExtensibilityGlobals) = postSolution
		SolutionGuid = {F7486595-8649-4853-98B6-D334C3E2990E}
	EndGlobalSection
EndGlobal
